// !$*UTF8*$!
{
	archiveVersion = 1;
	classes = {
	};
	objectVersion = 56;
	objects = {

/* Begin PBXBuildFile section */
		339694282AF15E1400C2F02E /* CharDetailServiceTest.swift in Sources */ = {isa = PBXBuildFile; fileRef = 339694272AF15E1400C2F02E /* CharDetailServiceTest.swift */; };
		3396942A2AF15EF000C2F02E /* MockCharDetailService.swift in Sources */ = {isa = PBXBuildFile; fileRef = 339694292AF15EF000C2F02E /* MockCharDetailService.swift */; };
		33F1C4392AEDF3090081C478 /* CharacterDetail.framework in Frameworks */ = {isa = PBXBuildFile; fileRef = 33F1C4302AEDF3090081C478 /* CharacterDetail.framework */; };
		33F1C43E2AEDF3090081C478 /* CharacterDetailTests.swift in Sources */ = {isa = PBXBuildFile; fileRef = 33F1C43D2AEDF3090081C478 /* CharacterDetailTests.swift */; };
		33F1C4522AEDF3240081C478 /* CharacterDetailViewController.swift in Sources */ = {isa = PBXBuildFile; fileRef = 33F1C4512AEDF3240081C478 /* CharacterDetailViewController.swift */; };
		33F1C4CA2AEF51D80081C478 /* CharacterDetailView.swift in Sources */ = {isa = PBXBuildFile; fileRef = 33F1C4C92AEF51D80081C478 /* CharacterDetailView.swift */; };
		33F1C4CC2AEFD7D90081C478 /* CharDetailService.swift in Sources */ = {isa = PBXBuildFile; fileRef = 33F1C4CB2AEFD7D90081C478 /* CharDetailService.swift */; };
		33F1C4CF2AEFD8490081C478 /* CharDetailMap.swift in Sources */ = {isa = PBXBuildFile; fileRef = 33F1C4CE2AEFD8490081C478 /* CharDetailMap.swift */; };
		33F1C4D22AEFD8770081C478 /* CharDetailModel.swift in Sources */ = {isa = PBXBuildFile; fileRef = 33F1C4D12AEFD8770081C478 /* CharDetailModel.swift */; };
		33F1C4D42AEFDC430081C478 /* CharDetailDTO.swift in Sources */ = {isa = PBXBuildFile; fileRef = 33F1C4D32AEFDC430081C478 /* CharDetailDTO.swift */; };
		33F1C4D62AEFF39A0081C478 /* CharDetailViewModel.swift in Sources */ = {isa = PBXBuildFile; fileRef = 33F1C4D52AEFF39A0081C478 /* CharDetailViewModel.swift */; };
		33F1C4D92AF017270081C478 /* URLRequestProvider.swift in Sources */ = {isa = PBXBuildFile; fileRef = 33F1C4D82AF017270081C478 /* URLRequestProvider.swift */; };
		33F1C4DE2AF0235F0081C478 /* SDWebImage in Frameworks */ = {isa = PBXBuildFile; productRef = 33F1C4DD2AF0235F0081C478 /* SDWebImage */; };
		33F1C4E12AF03A200081C478 /* HeadingLabel.swift in Sources */ = {isa = PBXBuildFile; fileRef = 33F1C4E02AF03A200081C478 /* HeadingLabel.swift */; };
/* End PBXBuildFile section */

/* Begin PBXContainerItemProxy section */
		33F1C43A2AEDF3090081C478 /* PBXContainerItemProxy */ = {
			isa = PBXContainerItemProxy;
			containerPortal = 33F1C4272AEDF3090081C478 /* Project object */;
			proxyType = 1;
			remoteGlobalIDString = 33F1C42F2AEDF3090081C478;
			remoteInfo = CharacterDetail;
		};
/* End PBXContainerItemProxy section */

/* Begin PBXFileReference section */
		339694272AF15E1400C2F02E /* CharDetailServiceTest.swift */ = {isa = PBXFileReference; lastKnownFileType = sourcecode.swift; path = CharDetailServiceTest.swift; sourceTree = "<group>"; };
		339694292AF15EF000C2F02E /* MockCharDetailService.swift */ = {isa = PBXFileReference; lastKnownFileType = sourcecode.swift; path = MockCharDetailService.swift; sourceTree = "<group>"; };
		33F1C4302AEDF3090081C478 /* CharacterDetail.framework */ = {isa = PBXFileReference; explicitFileType = wrapper.framework; includeInIndex = 0; path = CharacterDetail.framework; sourceTree = BUILT_PRODUCTS_DIR; };
		33F1C4382AEDF3090081C478 /* CharacterDetailTests.xctest */ = {isa = PBXFileReference; explicitFileType = wrapper.cfbundle; includeInIndex = 0; path = CharacterDetailTests.xctest; sourceTree = BUILT_PRODUCTS_DIR; };
		33F1C43D2AEDF3090081C478 /* CharacterDetailTests.swift */ = {isa = PBXFileReference; lastKnownFileType = sourcecode.swift; path = CharacterDetailTests.swift; sourceTree = "<group>"; };
		33F1C4512AEDF3240081C478 /* CharacterDetailViewController.swift */ = {isa = PBXFileReference; lastKnownFileType = sourcecode.swift; path = CharacterDetailViewController.swift; sourceTree = "<group>"; };
		33F1C4C92AEF51D80081C478 /* CharacterDetailView.swift */ = {isa = PBXFileReference; lastKnownFileType = sourcecode.swift; path = CharacterDetailView.swift; sourceTree = "<group>"; };
		33F1C4CB2AEFD7D90081C478 /* CharDetailService.swift */ = {isa = PBXFileReference; lastKnownFileType = sourcecode.swift; path = CharDetailService.swift; sourceTree = "<group>"; };
		33F1C4CE2AEFD8490081C478 /* CharDetailMap.swift */ = {isa = PBXFileReference; lastKnownFileType = sourcecode.swift; path = CharDetailMap.swift; sourceTree = "<group>"; };
		33F1C4D12AEFD8770081C478 /* CharDetailModel.swift */ = {isa = PBXFileReference; lastKnownFileType = sourcecode.swift; path = CharDetailModel.swift; sourceTree = "<group>"; };
		33F1C4D32AEFDC430081C478 /* CharDetailDTO.swift */ = {isa = PBXFileReference; lastKnownFileType = sourcecode.swift; path = CharDetailDTO.swift; sourceTree = "<group>"; };
		33F1C4D52AEFF39A0081C478 /* CharDetailViewModel.swift */ = {isa = PBXFileReference; lastKnownFileType = sourcecode.swift; path = CharDetailViewModel.swift; sourceTree = "<group>"; };
		33F1C4D82AF017270081C478 /* URLRequestProvider.swift */ = {isa = PBXFileReference; lastKnownFileType = sourcecode.swift; path = URLRequestProvider.swift; sourceTree = "<group>"; };
		33F1C4E02AF03A200081C478 /* HeadingLabel.swift */ = {isa = PBXFileReference; lastKnownFileType = sourcecode.swift; path = HeadingLabel.swift; sourceTree = "<group>"; };
/* End PBXFileReference section */

/* Begin PBXFrameworksBuildPhase section */
		33F1C42D2AEDF3090081C478 /* Frameworks */ = {
			isa = PBXFrameworksBuildPhase;
			buildActionMask = 2147483647;
			files = (
				33F1C4DE2AF0235F0081C478 /* SDWebImage in Frameworks */,
			);
			runOnlyForDeploymentPostprocessing = 0;
		};
		33F1C4352AEDF3090081C478 /* Frameworks */ = {
			isa = PBXFrameworksBuildPhase;
			buildActionMask = 2147483647;
			files = (
				33F1C4392AEDF3090081C478 /* CharacterDetail.framework in Frameworks */,
			);
			runOnlyForDeploymentPostprocessing = 0;
		};
/* End PBXFrameworksBuildPhase section */

/* Begin PBXGroup section */
		33F1C4262AEDF3090081C478 = {
			isa = PBXGroup;
			children = (
				33F1C4DF2AF039820081C478 /* UI */,
				33F1C4D72AF017110081C478 /* URLProviders */,
				33F1C4D02AEFD8650081C478 /* DTO */,
				33F1C4CD2AEFD7E10081C478 /* API */,
				33F1C4322AEDF3090081C478 /* CharacterDetail */,
				33F1C43C2AEDF3090081C478 /* CharacterDetailTests */,
				33F1C4312AEDF3090081C478 /* Products */,
			);
			sourceTree = "<group>";
		};
		33F1C4312AEDF3090081C478 /* Products */ = {
			isa = PBXGroup;
			children = (
				33F1C4302AEDF3090081C478 /* CharacterDetail.framework */,
				33F1C4382AEDF3090081C478 /* CharacterDetailTests.xctest */,
			);
			name = Products;
			sourceTree = "<group>";
		};
		33F1C4322AEDF3090081C478 /* CharacterDetail */ = {
			isa = PBXGroup;
			children = (
				33F1C4512AEDF3240081C478 /* CharacterDetailViewController.swift */,
				33F1C4C92AEF51D80081C478 /* CharacterDetailView.swift */,
				33F1C4D52AEFF39A0081C478 /* CharDetailViewModel.swift */,
			);
			path = CharacterDetail;
			sourceTree = "<group>";
		};
		33F1C43C2AEDF3090081C478 /* CharacterDetailTests */ = {
			isa = PBXGroup;
			children = (
				33F1C43D2AEDF3090081C478 /* CharacterDetailTests.swift */,
				339694272AF15E1400C2F02E /* CharDetailServiceTest.swift */,
			);
			path = CharacterDetailTests;
			sourceTree = "<group>";
		};
		33F1C4CD2AEFD7E10081C478 /* API */ = {
			isa = PBXGroup;
			children = (
				33F1C4CB2AEFD7D90081C478 /* CharDetailService.swift */,
				33F1C4CE2AEFD8490081C478 /* CharDetailMap.swift */,
				339694292AF15EF000C2F02E /* MockCharDetailService.swift */,
			);
			path = API;
			sourceTree = "<group>";
		};
		33F1C4D02AEFD8650081C478 /* DTO */ = {
			isa = PBXGroup;
			children = (
				33F1C4D12AEFD8770081C478 /* CharDetailModel.swift */,
				33F1C4D32AEFDC430081C478 /* CharDetailDTO.swift */,
			);
			path = DTO;
			sourceTree = "<group>";
		};
		33F1C4D72AF017110081C478 /* URLProviders */ = {
			isa = PBXGroup;
			children = (
				33F1C4D82AF017270081C478 /* URLRequestProvider.swift */,
			);
			path = URLProviders;
			sourceTree = "<group>";
		};
		33F1C4DF2AF039820081C478 /* UI */ = {
			isa = PBXGroup;
			children = (
				33F1C4E02AF03A200081C478 /* HeadingLabel.swift */,
			);
			path = UI;
			sourceTree = "<group>";
		};
/* End PBXGroup section */

/* Begin PBXHeadersBuildPhase section */
		33F1C42B2AEDF3090081C478 /* Headers */ = {
			isa = PBXHeadersBuildPhase;
			buildActionMask = 2147483647;
			files = (
			);
			runOnlyForDeploymentPostprocessing = 0;
		};
/* End PBXHeadersBuildPhase section */

/* Begin PBXNativeTarget section */
		33F1C42F2AEDF3090081C478 /* CharacterDetail */ = {
			isa = PBXNativeTarget;
			buildConfigurationList = 33F1C4422AEDF3090081C478 /* Build configuration list for PBXNativeTarget "CharacterDetail" */;
			buildPhases = (
				33F1C42B2AEDF3090081C478 /* Headers */,
				33F1C42C2AEDF3090081C478 /* Sources */,
				33F1C42D2AEDF3090081C478 /* Frameworks */,
				33F1C42E2AEDF3090081C478 /* Resources */,
			);
			buildRules = (
			);
			dependencies = (
			);
			name = CharacterDetail;
			packageProductDependencies = (
				33F1C4DD2AF0235F0081C478 /* SDWebImage */,
			);
			productName = CharacterDetail;
			productReference = 33F1C4302AEDF3090081C478 /* CharacterDetail.framework */;
			productType = "com.apple.product-type.framework";
		};
		33F1C4372AEDF3090081C478 /* CharacterDetailTests */ = {
			isa = PBXNativeTarget;
			buildConfigurationList = 33F1C4452AEDF3090081C478 /* Build configuration list for PBXNativeTarget "CharacterDetailTests" */;
			buildPhases = (
				33F1C4342AEDF3090081C478 /* Sources */,
				33F1C4352AEDF3090081C478 /* Frameworks */,
				33F1C4362AEDF3090081C478 /* Resources */,
			);
			buildRules = (
			);
			dependencies = (
				33F1C43B2AEDF3090081C478 /* PBXTargetDependency */,
			);
			name = CharacterDetailTests;
			productName = CharacterDetailTests;
			productReference = 33F1C4382AEDF3090081C478 /* CharacterDetailTests.xctest */;
			productType = "com.apple.product-type.bundle.unit-test";
		};
/* End PBXNativeTarget section */

/* Begin PBXProject section */
		33F1C4272AEDF3090081C478 /* Project object */ = {
			isa = PBXProject;
			attributes = {
				BuildIndependentTargetsInParallel = 1;
				LastSwiftUpdateCheck = 1500;
				LastUpgradeCheck = 1500;
				TargetAttributes = {
					33F1C42F2AEDF3090081C478 = {
						CreatedOnToolsVersion = 15.0.1;
						LastSwiftMigration = 1500;
					};
					33F1C4372AEDF3090081C478 = {
						CreatedOnToolsVersion = 15.0.1;
					};
				};
			};
			buildConfigurationList = 33F1C42A2AEDF3090081C478 /* Build configuration list for PBXProject "CharacterDetail" */;
			compatibilityVersion = "Xcode 14.0";
			developmentRegion = en;
			hasScannedForEncodings = 0;
			knownRegions = (
				en,
				Base,
			);
			mainGroup = 33F1C4262AEDF3090081C478;
			packageReferences = (
				33F1C4DC2AF0235F0081C478 /* XCRemoteSwiftPackageReference "SDWebImage" */,
			);
			productRefGroup = 33F1C4312AEDF3090081C478 /* Products */;
			projectDirPath = "";
			projectRoot = "";
			targets = (
				33F1C42F2AEDF3090081C478 /* CharacterDetail */,
				33F1C4372AEDF3090081C478 /* CharacterDetailTests */,
			);
		};
/* End PBXProject section */

/* Begin PBXResourcesBuildPhase section */
		33F1C42E2AEDF3090081C478 /* Resources */ = {
			isa = PBXResourcesBuildPhase;
			buildActionMask = 2147483647;
			files = (
			);
			runOnlyForDeploymentPostprocessing = 0;
		};
		33F1C4362AEDF3090081C478 /* Resources */ = {
			isa = PBXResourcesBuildPhase;
			buildActionMask = 2147483647;
			files = (
			);
			runOnlyForDeploymentPostprocessing = 0;
		};
/* End PBXResourcesBuildPhase section */

/* Begin PBXSourcesBuildPhase section */
		33F1C42C2AEDF3090081C478 /* Sources */ = {
			isa = PBXSourcesBuildPhase;
			buildActionMask = 2147483647;
			files = (
				33F1C4D62AEFF39A0081C478 /* CharDetailViewModel.swift in Sources */,
				33F1C4522AEDF3240081C478 /* CharacterDetailViewController.swift in Sources */,
				33F1C4D92AF017270081C478 /* URLRequestProvider.swift in Sources */,
				33F1C4CF2AEFD8490081C478 /* CharDetailMap.swift in Sources */,
				33F1C4E12AF03A200081C478 /* HeadingLabel.swift in Sources */,
				33F1C4D22AEFD8770081C478 /* CharDetailModel.swift in Sources */,
				33F1C4CA2AEF51D80081C478 /* CharacterDetailView.swift in Sources */,
				33F1C4D42AEFDC430081C478 /* CharDetailDTO.swift in Sources */,
				33F1C4CC2AEFD7D90081C478 /* CharDetailService.swift in Sources */,
			);
			runOnlyForDeploymentPostprocessing = 0;
		};
		33F1C4342AEDF3090081C478 /* Sources */ = {
			isa = PBXSourcesBuildPhase;
			buildActionMask = 2147483647;
			files = (
				339694282AF15E1400C2F02E /* CharDetailServiceTest.swift in Sources */,
				3396942A2AF15EF000C2F02E /* MockCharDetailService.swift in Sources */,
				33F1C43E2AEDF3090081C478 /* CharacterDetailTests.swift in Sources */,
			);
			runOnlyForDeploymentPostprocessing = 0;
		};
/* End PBXSourcesBuildPhase section */

/* Begin PBXTargetDependency section */
		33F1C43B2AEDF3090081C478 /* PBXTargetDependency */ = {
			isa = PBXTargetDependency;
			target = 33F1C42F2AEDF3090081C478 /* CharacterDetail */;
			targetProxy = 33F1C43A2AEDF3090081C478 /* PBXContainerItemProxy */;
		};
/* End PBXTargetDependency section */

/* Begin XCBuildConfiguration section */
		33F1C4402AEDF3090081C478 /* Debug */ = {
			isa = XCBuildConfiguration;
			buildSettings = {
				ALWAYS_SEARCH_USER_PATHS = NO;
				ASSETCATALOG_COMPILER_GENERATE_SWIFT_ASSET_SYMBOL_EXTENSIONS = YES;
				CLANG_ANALYZER_NONNULL = YES;
				CLANG_ANALYZER_NUMBER_OBJECT_CONVERSION = YES_AGGRESSIVE;
				CLANG_CXX_LANGUAGE_STANDARD = "gnu++20";
				CLANG_ENABLE_MODULES = YES;
				CLANG_ENABLE_OBJC_ARC = YES;
				CLANG_ENABLE_OBJC_WEAK = YES;
				CLANG_WARN_BLOCK_CAPTURE_AUTORELEASING = YES;
				CLANG_WARN_BOOL_CONVERSION = YES;
				CLANG_WARN_COMMA = YES;
				CLANG_WARN_CONSTANT_CONVERSION = YES;
				CLANG_WARN_DEPRECATED_OBJC_IMPLEMENTATIONS = YES;
				CLANG_WARN_DIRECT_OBJC_ISA_USAGE = YES_ERROR;
				CLANG_WARN_DOCUMENTATION_COMMENTS = YES;
				CLANG_WARN_EMPTY_BODY = YES;
				CLANG_WARN_ENUM_CONVERSION = YES;
				CLANG_WARN_INFINITE_RECURSION = YES;
				CLANG_WARN_INT_CONVERSION = YES;
				CLANG_WARN_NON_LITERAL_NULL_CONVERSION = YES;
				CLANG_WARN_OBJC_IMPLICIT_RETAIN_SELF = YES;
				CLANG_WARN_OBJC_LITERAL_CONVERSION = YES;
				CLANG_WARN_OBJC_ROOT_CLASS = YES_ERROR;
				CLANG_WARN_QUOTED_INCLUDE_IN_FRAMEWORK_HEADER = YES;
				CLANG_WARN_RANGE_LOOP_ANALYSIS = YES;
				CLANG_WARN_STRICT_PROTOTYPES = YES;
				CLANG_WARN_SUSPICIOUS_MOVE = YES;
				CLANG_WARN_UNGUARDED_AVAILABILITY = YES_AGGRESSIVE;
				CLANG_WARN_UNREACHABLE_CODE = YES;
				CLANG_WARN__DUPLICATE_METHOD_MATCH = YES;
				COPY_PHASE_STRIP = NO;
				CURRENT_PROJECT_VERSION = 1;
				DEBUG_INFORMATION_FORMAT = dwarf;
				ENABLE_STRICT_OBJC_MSGSEND = YES;
				ENABLE_TESTABILITY = YES;
				ENABLE_USER_SCRIPT_SANDBOXING = YES;
				GCC_C_LANGUAGE_STANDARD = gnu17;
				GCC_DYNAMIC_NO_PIC = NO;
				GCC_NO_COMMON_BLOCKS = YES;
				GCC_OPTIMIZATION_LEVEL = 0;
				GCC_PREPROCESSOR_DEFINITIONS = (
					"DEBUG=1",
					"$(inherited)",
				);
				GCC_WARN_64_TO_32_BIT_CONVERSION = YES;
				GCC_WARN_ABOUT_RETURN_TYPE = YES_ERROR;
				GCC_WARN_UNDECLARED_SELECTOR = YES;
				GCC_WARN_UNINITIALIZED_AUTOS = YES_AGGRESSIVE;
				GCC_WARN_UNUSED_FUNCTION = YES;
				GCC_WARN_UNUSED_VARIABLE = YES;
				IPHONEOS_DEPLOYMENT_TARGET = 17.0;
				LOCALIZATION_PREFERS_STRING_CATALOGS = YES;
				MTL_ENABLE_DEBUG_INFO = INCLUDE_SOURCE;
				MTL_FAST_MATH = YES;
				ONLY_ACTIVE_ARCH = YES;
				SDKROOT = iphoneos;
				SWIFT_ACTIVE_COMPILATION_CONDITIONS = "DEBUG $(inherited)";
				SWIFT_OPTIMIZATION_LEVEL = "-Onone";
				VERSIONING_SYSTEM = "apple-generic";
				VERSION_INFO_PREFIX = "";
			};
			name = Debug;
		};
		33F1C4412AEDF3090081C478 /* Release */ = {
			isa = XCBuildConfiguration;
			buildSettings = {
				ALWAYS_SEARCH_USER_PATHS = NO;
				ASSETCATALOG_COMPILER_GENERATE_SWIFT_ASSET_SYMBOL_EXTENSIONS = YES;
				CLANG_ANALYZER_NONNULL = YES;
				CLANG_ANALYZER_NUMBER_OBJECT_CONVERSION = YES_AGGRESSIVE;
				CLANG_CXX_LANGUAGE_STANDARD = "gnu++20";
				CLANG_ENABLE_MODULES = YES;
				CLANG_ENABLE_OBJC_ARC = YES;
				CLANG_ENABLE_OBJC_WEAK = YES;
				CLANG_WARN_BLOCK_CAPTURE_AUTORELEASING = YES;
				CLANG_WARN_BOOL_CONVERSION = YES;
				CLANG_WARN_COMMA = YES;
				CLANG_WARN_CONSTANT_CONVERSION = YES;
				CLANG_WARN_DEPRECATED_OBJC_IMPLEMENTATIONS = YES;
				CLANG_WARN_DIRECT_OBJC_ISA_USAGE = YES_ERROR;
				CLANG_WARN_DOCUMENTATION_COMMENTS = YES;
				CLANG_WARN_EMPTY_BODY = YES;
				CLANG_WARN_ENUM_CONVERSION = YES;
				CLANG_WARN_INFINITE_RECURSION = YES;
				CLANG_WARN_INT_CONVERSION = YES;
				CLANG_WARN_NON_LITERAL_NULL_CONVERSION = YES;
				CLANG_WARN_OBJC_IMPLICIT_RETAIN_SELF = YES;
				CLANG_WARN_OBJC_LITERAL_CONVERSION = YES;
				CLANG_WARN_OBJC_ROOT_CLASS = YES_ERROR;
				CLANG_WARN_QUOTED_INCLUDE_IN_FRAMEWORK_HEADER = YES;
				CLANG_WARN_RANGE_LOOP_ANALYSIS = YES;
				CLANG_WARN_STRICT_PROTOTYPES = YES;
				CLANG_WARN_SUSPICIOUS_MOVE = YES;
				CLANG_WARN_UNGUARDED_AVAILABILITY = YES_AGGRESSIVE;
				CLANG_WARN_UNREACHABLE_CODE = YES;
				CLANG_WARN__DUPLICATE_METHOD_MATCH = YES;
				COPY_PHASE_STRIP = NO;
				CURRENT_PROJECT_VERSION = 1;
				DEBUG_INFORMATION_FORMAT = "dwarf-with-dsym";
				ENABLE_NS_ASSERTIONS = NO;
				ENABLE_STRICT_OBJC_MSGSEND = YES;
				ENABLE_USER_SCRIPT_SANDBOXING = YES;
				GCC_C_LANGUAGE_STANDARD = gnu17;
				GCC_NO_COMMON_BLOCKS = YES;
				GCC_WARN_64_TO_32_BIT_CONVERSION = YES;
				GCC_WARN_ABOUT_RETURN_TYPE = YES_ERROR;
				GCC_WARN_UNDECLARED_SELECTOR = YES;
				GCC_WARN_UNINITIALIZED_AUTOS = YES_AGGRESSIVE;
				GCC_WARN_UNUSED_FUNCTION = YES;
				GCC_WARN_UNUSED_VARIABLE = YES;
				IPHONEOS_DEPLOYMENT_TARGET = 17.0;
				LOCALIZATION_PREFERS_STRING_CATALOGS = YES;
				MTL_ENABLE_DEBUG_INFO = NO;
				MTL_FAST_MATH = YES;
				SDKROOT = iphoneos;
				SWIFT_COMPILATION_MODE = wholemodule;
				VALIDATE_PRODUCT = YES;
				VERSIONING_SYSTEM = "apple-generic";
				VERSION_INFO_PREFIX = "";
			};
			name = Release;
		};
		33F1C4432AEDF3090081C478 /* Debug */ = {
			isa = XCBuildConfiguration;
			buildSettings = {
				CLANG_ENABLE_MODULES = YES;
				CODE_SIGN_STYLE = Automatic;
				CURRENT_PROJECT_VERSION = 1;
				DEFINES_MODULE = YES;
				DEVELOPMENT_TEAM = P7PS3T7T87;
				DYLIB_COMPATIBILITY_VERSION = 1;
				DYLIB_CURRENT_VERSION = 1;
				DYLIB_INSTALL_NAME_BASE = "@rpath";
				ENABLE_MODULE_VERIFIER = YES;
				GENERATE_INFOPLIST_FILE = YES;
				INFOPLIST_KEY_NSHumanReadableCopyright = "";
				INSTALL_PATH = "$(LOCAL_LIBRARY_DIR)/Frameworks";
				IPHONEOS_DEPLOYMENT_TARGET = 14.0;
				LD_RUNPATH_SEARCH_PATHS = (
					"$(inherited)",
					"@executable_path/Frameworks",
					"@loader_path/Frameworks",
				);
				MARKETING_VERSION = 1.0;
				MODULE_VERIFIER_SUPPORTED_LANGUAGES = "objective-c objective-c++";
				MODULE_VERIFIER_SUPPORTED_LANGUAGE_STANDARDS = "gnu17 gnu++20";
				PRODUCT_BUNDLE_IDENTIFIER = com.mohammadassad.CharacterDetail;
				PRODUCT_NAME = "$(TARGET_NAME:c99extidentifier)";
				SKIP_INSTALL = YES;
				SWIFT_EMIT_LOC_STRINGS = YES;
				SWIFT_OPTIMIZATION_LEVEL = "-Onone";
				SWIFT_VERSION = 5.0;
				TARGETED_DEVICE_FAMILY = "1,2";
			};
			name = Debug;
		};
		33F1C4442AEDF3090081C478 /* Release */ = {
			isa = XCBuildConfiguration;
			buildSettings = {
				CLANG_ENABLE_MODULES = YES;
				CODE_SIGN_STYLE = Automatic;
				CURRENT_PROJECT_VERSION = 1;
				DEFINES_MODULE = YES;
				DEVELOPMENT_TEAM = P7PS3T7T87;
				DYLIB_COMPATIBILITY_VERSION = 1;
				DYLIB_CURRENT_VERSION = 1;
				DYLIB_INSTALL_NAME_BASE = "@rpath";
				ENABLE_MODULE_VERIFIER = YES;
				GENERATE_INFOPLIST_FILE = YES;
				INFOPLIST_KEY_NSHumanReadableCopyright = "";
				INSTALL_PATH = "$(LOCAL_LIBRARY_DIR)/Frameworks";
				IPHONEOS_DEPLOYMENT_TARGET = 14.0;
				LD_RUNPATH_SEARCH_PATHS = (
					"$(inherited)",
					"@executable_path/Frameworks",
					"@loader_path/Frameworks",
				);
				MARKETING_VERSION = 1.0;
				MODULE_VERIFIER_SUPPORTED_LANGUAGES = "objective-c objective-c++";
				MODULE_VERIFIER_SUPPORTED_LANGUAGE_STANDARDS = "gnu17 gnu++20";
				PRODUCT_BUNDLE_IDENTIFIER = com.mohammadassad.CharacterDetail;
				PRODUCT_NAME = "$(TARGET_NAME:c99extidentifier)";
				SKIP_INSTALL = YES;
				SWIFT_EMIT_LOC_STRINGS = YES;
				SWIFT_VERSION = 5.0;
				TARGETED_DEVICE_FAMILY = "1,2";
			};
			name = Release;
		};
		33F1C4462AEDF3090081C478 /* Debug */ = {
			isa = XCBuildConfiguration;
			buildSettings = {
				ALWAYS_EMBED_SWIFT_STANDARD_LIBRARIES = YES;
				CODE_SIGN_STYLE = Automatic;
				CURRENT_PROJECT_VERSION = 1;
				DEVELOPMENT_TEAM = P7PS3T7T87;
				GENERATE_INFOPLIST_FILE = YES;
				MARKETING_VERSION = 1.0;
				PRODUCT_BUNDLE_IDENTIFIER = com.mohammadassad.CharacterDetailTests;
				PRODUCT_NAME = "$(TARGET_NAME)";
				SWIFT_EMIT_LOC_STRINGS = NO;
				SWIFT_VERSION = 5.0;
				TARGETED_DEVICE_FAMILY = "1,2";
			};
			name = Debug;
		};
		33F1C4472AEDF3090081C478 /* Release */ = {
			isa = XCBuildConfiguration;
			buildSettings = {
				ALWAYS_EMBED_SWIFT_STANDARD_LIBRARIES = YES;
				CODE_SIGN_STYLE = Automatic;
				CURRENT_PROJECT_VERSION = 1;
				DEVELOPMENT_TEAM = P7PS3T7T87;
				GENERATE_INFOPLIST_FILE = YES;
				MARKETING_VERSION = 1.0;
				PRODUCT_BUNDLE_IDENTIFIER = com.mohammadassad.CharacterDetailTests;
				PRODUCT_NAME = "$(TARGET_NAME)";
				SWIFT_EMIT_LOC_STRINGS = NO;
				SWIFT_VERSION = 5.0;
				TARGETED_DEVICE_FAMILY = "1,2";
			};
			name = Release;
		};
/* End XCBuildConfiguration section */

/* Begin XCConfigurationList section */
		33F1C42A2AEDF3090081C478 /* Build configuration list for PBXProject "CharacterDetail" */ = {
			isa = XCConfigurationList;
			buildConfigurations = (
				33F1C4402AEDF3090081C478 /* Debug */,
				33F1C4412AEDF3090081C478 /* Release */,
			);
			defaultConfigurationIsVisible = 0;
			defaultConfigurationName = Release;
		};
		33F1C4422AEDF3090081C478 /* Build configuration list for PBXNativeTarget "CharacterDetail" */ = {
			isa = XCConfigurationList;
			buildConfigurations = (
				33F1C4432AEDF3090081C478 /* Debug */,
				33F1C4442AEDF3090081C478 /* Release */,
			);
			defaultConfigurationIsVisible = 0;
			defaultConfigurationName = Release;
		};
		33F1C4452AEDF3090081C478 /* Build configuration list for PBXNativeTarget "CharacterDetailTests" */ = {
			isa = XCConfigurationList;
			buildConfigurations = (
				33F1C4462AEDF3090081C478 /* Debug */,
				33F1C4472AEDF3090081C478 /* Release */,
			);
			defaultConfigurationIsVisible = 0;
			defaultConfigurationName = Release;
		};
/* End XCConfigurationList section */

/* Begin XCRemoteSwiftPackageReference section */
		33F1C4DC2AF0235F0081C478 /* XCRemoteSwiftPackageReference "SDWebImage" */ = {
			isa = XCRemoteSwiftPackageReference;
			repositoryURL = "https://github.com/SDWebImage/SDWebImage.git";
			requirement = {
				kind = upToNextMajorVersion;
				minimumVersion = 5.18.4;
			};
		};
/* End XCRemoteSwiftPackageReference section */

/* Begin XCSwiftPackageProductDependency section */
		33F1C4DD2AF0235F0081C478 /* SDWebImage */ = {
			isa = XCSwiftPackageProductDependency;
			package = 33F1C4DC2AF0235F0081C478 /* XCRemoteSwiftPackageReference "SDWebImage" */;
			productName = SDWebImage;
		};
/* End XCSwiftPackageProductDependency section */
	};
	rootObject = 33F1C4272AEDF3090081C478 /* Project object */;
}
